// !$*UTF8*$!
{
	archiveVersion = 1;
	classes = {
	};
	objectVersion = 46;
	objects = {

/* Begin PBXBuildFile section */
		6FCCFA6F1DC0972400598AE7 /* AppDelegate.swift in Sources */ = {isa = PBXBuildFile; fileRef = 6FCCFA6E1DC0972400598AE7 /* AppDelegate.swift */; };
		6FCCFA711DC0972400598AE7 /* ViewController.swift in Sources */ = {isa = PBXBuildFile; fileRef = 6FCCFA701DC0972400598AE7 /* ViewController.swift */; };
		6FCCFA741DC0972400598AE7 /* Main.storyboard in Resources */ = {isa = PBXBuildFile; fileRef = 6FCCFA721DC0972400598AE7 /* Main.storyboard */; };
		6FCCFA771DC0972400598AE7 /* CoreDataOneToMany.xcdatamodeld in Sources */ = {isa = PBXBuildFile; fileRef = 6FCCFA751DC0972400598AE7 /* CoreDataOneToMany.xcdatamodeld */; };
		6FCCFA791DC0972400598AE7 /* Assets.xcassets in Resources */ = {isa = PBXBuildFile; fileRef = 6FCCFA781DC0972400598AE7 /* Assets.xcassets */; };
		6FCCFA7C1DC0972400598AE7 /* LaunchScreen.storyboard in Resources */ = {isa = PBXBuildFile; fileRef = 6FCCFA7A1DC0972400598AE7 /* LaunchScreen.storyboard */; };
		6FCCFA871DC09B8900598AE7 /* Post+CoreDataProperties.swift in Sources */ = {isa = PBXBuildFile; fileRef = 6FCCFA831DC09B8900598AE7 /* Post+CoreDataProperties.swift */; };
		6FCCFA881DC09B8900598AE7 /* Post.swift in Sources */ = {isa = PBXBuildFile; fileRef = 6FCCFA841DC09B8900598AE7 /* Post.swift */; };
		6FCCFA891DC09B8900598AE7 /* Category+CoreDataProperties.swift in Sources */ = {isa = PBXBuildFile; fileRef = 6FCCFA851DC09B8900598AE7 /* Category+CoreDataProperties.swift */; };
		6FCCFA8A1DC09B8900598AE7 /* Category.swift in Sources */ = {isa = PBXBuildFile; fileRef = 6FCCFA861DC09B8900598AE7 /* Category.swift */; };
/* End PBXBuildFile section */

/* Begin PBXFileReference section */
		6FCCFA6B1DC0972400598AE7 /* CoreDataOneToMany.app */ = {isa = PBXFileReference; explicitFileType = wrapper.application; includeInIndex = 0; path = CoreDataOneToMany.app; sourceTree = BUILT_PRODUCTS_DIR; };
		6FCCFA6E1DC0972400598AE7 /* AppDelegate.swift */ = {isa = PBXFileReference; lastKnownFileType = sourcecode.swift; path = AppDelegate.swift; sourceTree = "<group>"; };
		6FCCFA701DC0972400598AE7 /* ViewController.swift */ = {isa = PBXFileReference; lastKnownFileType = sourcecode.swift; path = ViewController.swift; sourceTree = "<group>"; };
		6FCCFA731DC0972400598AE7 /* Base */ = {isa = PBXFileReference; lastKnownFileType = file.storyboard; name = Base; path = Base.lproj/Main.storyboard; sourceTree = "<group>"; };
		6FCCFA761DC0972400598AE7 /* CoreDataOneToMany.xcdatamodel */ = {isa = PBXFileReference; lastKnownFileType = wrapper.xcdatamodel; path = CoreDataOneToMany.xcdatamodel; sourceTree = "<group>"; };
		6FCCFA781DC0972400598AE7 /* Assets.xcassets */ = {isa = PBXFileReference; lastKnownFileType = folder.assetcatalog; path = Assets.xcassets; sourceTree = "<group>"; };
		6FCCFA7B1DC0972400598AE7 /* Base */ = {isa = PBXFileReference; lastKnownFileType = file.storyboard; name = Base; path = Base.lproj/LaunchScreen.storyboard; sourceTree = "<group>"; };
		6FCCFA7D1DC0972400598AE7 /* Info.plist */ = {isa = PBXFileReference; lastKnownFileType = text.plist.xml; path = Info.plist; sourceTree = "<group>"; };
		6FCCFA831DC09B8900598AE7 /* Post+CoreDataProperties.swift */ = {isa = PBXFileReference; fileEncoding = 4; lastKnownFileType = sourcecode.swift; path = "Post+CoreDataProperties.swift"; sourceTree = "<group>"; };
		6FCCFA841DC09B8900598AE7 /* Post.swift */ = {isa = PBXFileReference; fileEncoding = 4; lastKnownFileType = sourcecode.swift; path = Post.swift; sourceTree = "<group>"; };
		6FCCFA851DC09B8900598AE7 /* Category+CoreDataProperties.swift */ = {isa = PBXFileReference; fileEncoding = 4; lastKnownFileType = sourcecode.swift; path = "Category+CoreDataProperties.swift"; sourceTree = "<group>"; };
		6FCCFA861DC09B8900598AE7 /* Category.swift */ = {isa = PBXFileReference; fileEncoding = 4; lastKnownFileType = sourcecode.swift; path = Category.swift; sourceTree = "<group>"; };
/* End PBXFileReference section */

/* Begin PBXFrameworksBuildPhase section */
		6FCCFA681DC0972400598AE7 /* Frameworks */ = {
			isa = PBXFrameworksBuildPhase;
			buildActionMask = 2147483647;
			files = (
			);
			runOnlyForDeploymentPostprocessing = 0;
		};
/* End PBXFrameworksBuildPhase section */

/* Begin PBXGroup section */
		6FCCFA621DC0972400598AE7 = {
			isa = PBXGroup;
			children = (
				6FCCFA831DC09B8900598AE7 /* Post+CoreDataProperties.swift */,
				6FCCFA841DC09B8900598AE7 /* Post.swift */,
				6FCCFA851DC09B8900598AE7 /* Category+CoreDataProperties.swift */,
				6FCCFA861DC09B8900598AE7 /* Category.swift */,
				6FCCFA6D1DC0972400598AE7 /* CoreDataOneToMany */,
				6FCCFA6C1DC0972400598AE7 /* Products */,
			);
			sourceTree = "<group>";
		};
		6FCCFA6C1DC0972400598AE7 /* Products */ = {
			isa = PBXGroup;
			children = (
				6FCCFA6B1DC0972400598AE7 /* CoreDataOneToMany.app */,
			);
			name = Products;
			sourceTree = "<group>";
		};
		6FCCFA6D1DC0972400598AE7 /* CoreDataOneToMany */ = {
			isa = PBXGroup;
			children = (
				6FCCFA6E1DC0972400598AE7 /* AppDelegate.swift */,
				6FCCFA701DC0972400598AE7 /* ViewController.swift */,
				6FCCFA721DC0972400598AE7 /* Main.storyboard */,
				6FCCFA781DC0972400598AE7 /* Assets.xcassets */,
				6FCCFA7A1DC0972400598AE7 /* LaunchScreen.storyboard */,
				6FCCFA7D1DC0972400598AE7 /* Info.plist */,
				6FCCFA751DC0972400598AE7 /* CoreDataOneToMany.xcdatamodeld */,
			);
			path = CoreDataOneToMany;
			sourceTree = "<group>";
		};
/* End PBXGroup section */

/* Begin PBXNativeTarget section */
		6FCCFA6A1DC0972400598AE7 /* CoreDataOneToMany */ = {
			isa = PBXNativeTarget;
			buildConfigurationList = 6FCCFA801DC0972400598AE7 /* Build configuration list for PBXNativeTarget "CoreDataOneToMany" */;
			buildPhases = (
				6FCCFA671DC0972400598AE7 /* Sources */,
				6FCCFA681DC0972400598AE7 /* Frameworks */,
				6FCCFA691DC0972400598AE7 /* Resources */,
			);
			buildRules = (
			);
			dependencies = (
			);
			name = CoreDataOneToMany;
			productName = CoreDataOneToMany;
			productReference = 6FCCFA6B1DC0972400598AE7 /* CoreDataOneToMany.app */;
			productType = "com.apple.product-type.application";
		};
/* End PBXNativeTarget section */

/* Begin PBXProject section */
		6FCCFA631DC0972400598AE7 /* Project object */ = {
			isa = PBXProject;
			attributes = {
				LastSwiftUpdateCheck = 0730;
				LastUpgradeCheck = 0730;
				ORGANIZATIONNAME = Kokpheng;
				TargetAttributes = {
					6FCCFA6A1DC0972400598AE7 = {
						CreatedOnToolsVersion = 7.3.1;
						LastSwiftMigration = 0810;
					};
				};
			};
			buildConfigurationList = 6FCCFA661DC0972400598AE7 /* Build configuration list for PBXProject "CoreDataOneToMany" */;
			compatibilityVersion = "Xcode 3.2";
			developmentRegion = English;
			hasScannedForEncodings = 0;
			knownRegions = (
				en,
				Base,
			);
			mainGroup = 6FCCFA621DC0972400598AE7;
			productRefGroup = 6FCCFA6C1DC0972400598AE7 /* Products */;
			projectDirPath = "";
			projectRoot = "";
			targets = (
				6FCCFA6A1DC0972400598AE7 /* CoreDataOneToMany */,
			);
		};
/* End PBXProject section */

/* Begin PBXResourcesBuildPhase section */
		6FCCFA691DC0972400598AE7 /* Resources */ = {
			isa = PBXResourcesBuildPhase;
			buildActionMask = 2147483647;
			files = (
				6FCCFA7C1DC0972400598AE7 /* LaunchScreen.storyboard in Resources */,
				6FCCFA791DC0972400598AE7 /* Assets.xcassets in Resources */,
				6FCCFA741DC0972400598AE7 /* Main.storyboard in Resources */,
			);
			runOnlyForDeploymentPostprocessing = 0;
		};
/* End PBXResourcesBuildPhase section */

/* Begin PBXSourcesBuildPhase section */
		6FCCFA671DC0972400598AE7 /* Sources */ = {
			isa = PBXSourcesBuildPhase;
			buildActionMask = 2147483647;
			files = (
				6FCCFA711DC0972400598AE7 /* ViewController.swift in Sources */,
				6FCCFA891DC09B8900598AE7 /* Category+CoreDataProperties.swift in Sources */,
				6FCCFA871DC09B8900598AE7 /* Post+CoreDataProperties.swift in Sources */,
				6FCCFA6F1DC0972400598AE7 /* AppDelegate.swift in Sources */,
				6FCCFA771DC0972400598AE7 /* CoreDataOneToMany.xcdatamodeld in Sources */,
				6FCCFA881DC09B8900598AE7 /* Post.swift in Sources */,
				6FCCFA8A1DC09B8900598AE7 /* Category.swift in Sources */,
			);
			runOnlyForDeploymentPostprocessing = 0;
		};
/* End PBXSourcesBuildPhase section */

/* Begin PBXVariantGroup section */
		6FCCFA721DC0972400598AE7 /* Main.storyboard */ = {
			isa = PBXVariantGroup;
			children = (
				6FCCFA731DC0972400598AE7 /* Base */,
			);
			name = Main.storyboard;
			sourceTree = "<group>";
		};
		6FCCFA7A1DC0972400598AE7 /* LaunchScreen.storyboard */ = {
			isa = PBXVariantGroup;
			children = (
				6FCCFA7B1DC0972400598AE7 /* Base */,
			);
			name = LaunchScreen.storyboard;
			sourceTree = "<group>";
		};
/* End PBXVariantGroup section */

/* Begin XCBuildConfiguration section */
		6FCCFA7E1DC0972400598AE7 /* Debug */ = {
			isa = XCBuildConfiguration;
			buildSettings = {
				ALWAYS_SEARCH_USER_PATHS = NO;
				CLANG_ANALYZER_NONNULL = YES;
				CLANG_CXX_LANGUAGE_STANDARD = "gnu++0x";
				CLANG_CXX_LIBRARY = "libc++";
				CLANG_ENABLE_MODULES = YES;
				CLANG_ENABLE_OBJC_ARC = YES;
				CLANG_WARN_BOOL_CONVERSION = YES;
				CLANG_WARN_CONSTANT_CONVERSION = YES;
				CLANG_WARN_DIRECT_OBJC_ISA_USAGE = YES_ERROR;
				CLANG_WARN_EMPTY_BODY = YES;
				CLANG_WARN_ENUM_CONVERSION = YES;
				CLANG_WARN_INT_CONVERSION = YES;
				CLANG_WARN_OBJC_ROOT_CLASS = YES_ERROR;
				CLANG_WARN_UNREACHABLE_CODE = YES;
				CLANG_WARN__DUPLICATE_METHOD_MATCH = YES;
				"CODE_SIGN_IDENTITY[sdk=iphoneos*]" = "iPhone Developer";
				COPY_PHASE_STRIP = NO;
				DEBUG_INFORMATION_FORMAT = dwarf;
				ENABLE_STRICT_OBJC_MSGSEND = YES;
				ENABLE_TESTABILITY = YES;
				GCC_C_LANGUAGE_STANDARD = gnu99;
				GCC_DYNAMIC_NO_PIC = NO;
				GCC_NO_COMMON_BLOCKS = YES;
				GCC_OPTIMIZATION_LEVEL = 0;
				GCC_PREPROCESSOR_DEFINITIONS = (
					"DEBUG=1",
					"$(inherited)",
				);
				GCC_WARN_64_TO_32_BIT_CONVERSION = YES;
				GCC_WARN_ABOUT_RETURN_TYPE = YES_ERROR;
				GCC_WARN_UNDECLARED_SELECTOR = YES;
				GCC_WARN_UNINITIALIZED_AUTOS = YES_AGGRESSIVE;
				GCC_WARN_UNUSED_FUNCTION = YES;
				GCC_WARN_UNUSED_VARIABLE = YES;
				IPHONEOS_DEPLOYMENT_TARGET = 9.3;
				MTL_ENABLE_DEBUG_INFO = YES;
				ONLY_ACTIVE_ARCH = YES;
				SDKROOT = iphoneos;
				SWIFT_OPTIMIZATION_LEVEL = "-Onone";
				TARGETED_DEVICE_FAMILY = "1,2";
			};
			name = Debug;
		};
		6FCCFA7F1DC0972400598AE7 /* Release */ = {
			isa = XCBuildConfiguration;
			buildSettings = {
				ALWAYS_SEARCH_USER_PATHS = NO;
				CLANG_ANALYZER_NONNULL = YES;
				CLANG_CXX_LANGUAGE_STANDARD = "gnu++0x";
				CLANG_CXX_LIBRARY = "libc++";
				CLANG_ENABLE_MODULES = YES;
				CLANG_ENABLE_OBJC_ARC = YES;
				CLANG_WARN_BOOL_CONVERSION = YES;
				CLANG_WARN_CONSTANT_CONVERSION = YES;
				CLANG_WARN_DIRECT_OBJC_ISA_USAGE = YES_ERROR;
				CLANG_WARN_EMPTY_BODY = YES;
				CLANG_WARN_ENUM_CONVERSION = YES;
				CLANG_WARN_INT_CONVERSION = YES;
				CLANG_WARN_OBJC_ROOT_CLASS = YES_ERROR;
				CLANG_WARN_UNREACHABLE_CODE = YES;
				CLANG_WARN__DUPLICATE_METHOD_MATCH = YES;
				"CODE_SIGN_IDENTITY[sdk=iphoneos*]" = "iPhone Developer";
				COPY_PHASE_STRIP = NO;
				DEBUG_INFORMATION_FORMAT = "dwarf-with-dsym";
				ENABLE_NS_ASSERTIONS = NO;
				ENABLE_STRICT_OBJC_MSGSEND = YES;
				GCC_C_LANGUAGE_STANDARD = gnu99;
				GCC_NO_COMMON_BLOCKS = YES;
				GCC_WARN_64_TO_32_BIT_CONVERSION = YES;
				GCC_WARN_ABOUT_RETURN_TYPE = YES_ERROR;
				GCC_WARN_UNDECLARED_SELECTOR = YES;
				GCC_WARN_UNINITIALIZED_AUTOS = YES_AGGRESSIVE;
				GCC_WARN_UNUSED_FUNCTION = YES;
				GCC_WARN_UNUSED_VARIABLE = YES;
				IPHONEOS_DEPLOYMENT_TARGET = 9.3;
				MTL_ENABLE_DEBUG_INFO = NO;
				SDKROOT = iphoneos;
				TARGETED_DEVICE_FAMILY = "1,2";
				VALIDATE_PRODUCT = YES;
			};
			name = Release;
		};
		6FCCFA811DC0972400598AE7 /* Debug */ = {
			isa = XCBuildConfiguration;
			buildSettings = {
				ASSETCATALOG_COMPILER_APPICON_NAME = AppIcon;
				INFOPLIST_FILE = CoreDataOneToMany/Info.plist;
				LD_RUNPATH_SEARCH_PATHS = "$(inherited) @executable_path/Frameworks";
				PRODUCT_BUNDLE_IDENTIFIER = org.kshrd.CoreDataOneToMany;
				PRODUCT_NAME = "$(TARGET_NAME)";
				SWIFT_VERSION = 3.0;
			};
			name = Debug;
		};
		6FCCFA821DC0972400598AE7 /* Release */ = {
			isa = XCBuildConfiguration;
			buildSettings = {
				ASSETCATALOG_COMPILER_APPICON_NAME = AppIcon;
				INFOPLIST_FILE = CoreDataOneToMany/Info.plist;
				LD_RUNPATH_SEARCH_PATHS = "$(inherited) @executable_path/Frameworks";
				PRODUCT_BUNDLE_IDENTIFIER = org.kshrd.CoreDataOneToMany;
				PRODUCT_NAME = "$(TARGET_NAME)";
				SWIFT_VERSION = 3.0;
			};
			name = Release;
		};
/* End XCBuildConfiguration section */

/* Begin XCConfigurationList section */
		6FCCFA661DC0972400598AE7 /* Build configuration list for PBXProject "CoreDataOneToMany" */ = {
			isa = XCConfigurationList;
			buildConfigurations = (
				6FCCFA7E1DC0972400598AE7 /* Debug */,
				6FCCFA7F1DC0972400598AE7 /* Release */,
			);
			defaultConfigurationIsVisible = 0;
			defaultConfigurationName = Release;
		};
		6FCCFA801DC0972400598AE7 /* Build configuration list for PBXNativeTarget "CoreDataOneToMany" */ = {
			isa = XCConfigurationList;
			buildConfigurations = (
				6FCCFA811DC0972400598AE7 /* Debug */,
				6FCCFA821DC0972400598AE7 /* Release */,
			);
			defaultConfigurationIsVisible = 0;
			defaultConfigurationName = Release;
		};
/* End XCConfigurationList section */

/* Begin XCVersionGroup section */
		6FCCFA751DC0972400598AE7 /* CoreDataOneToMany.xcdatamodeld */ = {
			isa = XCVersionGroup;
			children = (
				6FCCFA761DC0972400598AE7 /* CoreDataOneToMany.xcdatamodel */,
			);
			currentVersion = 6FCCFA761DC0972400598AE7 /* CoreDataOneToMany.xcdatamodel */;
			path = CoreDataOneToMany.xcdatamodeld;
			sourceTree = "<group>";
			versionGroupType = wrapper.xcdatamodel;
		};
/* End XCVersionGroup section */
	};
	rootObject = 6FCCFA631DC0972400598AE7 /* Project object */;
}
